
Microsoft Visual Studio Solution File, Format Version 12.00
# Visual Studio Version 16
VisualStudioVersion = 16.0.29306.81
MinimumVisualStudioVersion = 10.0.40219.1
Project("{FAE04EC0-301F-11D3-BF4B-00C04F79EFBC}") = "corona-checkin-ou", "corona-checkin-ou\corona-checkin-ou.csproj", "{23D20E9A-09E1-4B10-B6ED-836286EDFADE}"
EndProject
Global
	GlobalSection(SolutionConfigurationPlatforms) = preSolution
		Debug|Any CPU = Debug|Any CPU
		Release|Any CPU = Release|Any CPU
	EndGlobalSection
	GlobalSection(ProjectConfigurationPlatforms) = postSolution
		{23D20E9A-09E1-4B10-B6ED-836286EDFADE}.Debug|Any CPU.ActiveCfg = Debug|Any CPU
		{23D20E9A-09E1-4B10-B6ED-836286EDFADE}.Debug|Any CPU.Build.0 = Debug|Any CPU
		{23D20E9A-09E1-4B10-B6ED-836286EDFADE}.Release|Any CPU.ActiveCfg = Release|Any CPU
		{23D20E9A-09E1-4B10-B6ED-836286EDFADE}.Release|Any CPU.Build.0 = Release|Any CPU
	EndGlobalSection
	GlobalSection(SolutionProperties) = preSolution
		HideSolutionNode = FALSE
	EndGlobalSection
	GlobalSection(ExtensibilityGlobals) = postSolution
		SolutionGuid = {B6D4860E-DB93-40BD-8C66-E68C625C2BBF}
	EndGlobalSection
EndGlobal
